{
    "_readme": [
        "This file locks the dependencies of your project to a known state",
        "Read more about it at https://getcomposer.org/doc/01-basic-usage.md#installing-dependencies",
        "This file is @generated automatically"
    ],
    "content-hash": "baf60370d7113699cf920f9c1ac3fef9",
    "packages": [
        {
            "name": "sendgrid/smtpapi",
            "version": "0.6.5",
            "source": {
                "type": "git",
                "url": "https://github.com/sendgrid/smtpapi-php.git",
                "reference": "76ea51b72f7efb832164cbafcffab915d46f81bf"
            },
            "dist": {
                "type": "zip",
                "url": "https://api.github.com/repos/sendgrid/smtpapi-php/zipball/76ea51b72f7efb832164cbafcffab915d46f81bf",
                "reference": "76ea51b72f7efb832164cbafcffab915d46f81bf",
                "shasum": ""
            },
            "require": {
                "php": ">=5.6"
            },
            "replace": {
                "sendgrid/smtpapi-php": "*"
            },
            "require-dev": {
                "phpunit/phpunit": "5.7.* || 6.5.*"
            },
            "suggest": {
                "swiftmailer/swiftmailer": "^5.4 - Needed to run the example scripts"
            },
            "type": "library",
            "autoload": {
                "psr-0": {
                    "Smtpapi": "lib/"
                }
            },
            "notification-url": "https://packagist.org/downloads/",
            "license": [
                "MIT"
            ],
            "description": "Build SendGrid X-SMTPAPI headers in PHP.",
            "homepage": "http://github.com/sendgrid/smtpapi-php",
            "keywords": [
                "X-SMTP",
                "api",
                "email",
                "grid",
                "send",
                "sendgrid",
                "smtp",
                "smtpapi",
                "twilio",
                "xsmtp"
            ],
            "time": "2020-03-04T22:03:55+00:00"
        }
    ],
    "packages-dev": [],
    "aliases": [],
    "minimum-stability": "stable",
    "stability-flags": [],
    "prefer-stable": false,
    "prefer-lowest": false,
    "platform": [],
    "platform-dev": [],
    "plugin-api-version": "1.1.0"
}
